
Microsoft Visual Studio Solution File, Format Version 12.00
# Visual Studio Version 17
VisualStudioVersion = 17.0.31903.59
MinimumVisualStudioVersion = 10.0.40219.1
Project("{2150E333-8FDC-42A3-9474-1A3956D46DE8}") = "src", "src", "{827E0CD3-B72D-47B6-A68D-7590B98EB39B}"
EndProject
Project("{FAE04EC0-301F-11D3-BF4B-00C04F79EFBC}") = "OrbitPass.Api", "src\OrbitPass.Api\OrbitPass.Api.csproj", "{BE4A8488-9CA2-47EB-B684-FD93DD3A1278}"
EndProject
Project("{FAE04EC0-301F-11D3-BF4B-00C04F79EFBC}") = "OrbitPass.Application", "src\OrbitPass.Application\OrbitPass.Application.csproj", "{DE34D200-689E-4237-8B74-694D8863E0A3}"
EndProject
Project("{FAE04EC0-301F-11D3-BF4B-00C04F79EFBC}") = "OrbitPass.Domain", "src\OrbitPass.Domain\OrbitPass.Domain.csproj", "{DBD6D977-4AA5-43D3-855E-8D088878E639}"
EndProject
Project("{FAE04EC0-301F-11D3-BF4B-00C04F79EFBC}") = "OrbitPass.Infrastructure", "src\OrbitPass.Infrastructure\OrbitPass.Infrastructure.csproj", "{7C2F53EF-0C05-47ED-9393-0F79232480B8}"
EndProject
Project("{2150E333-8FDC-42A3-9474-1A3956D46DE8}") = "tests", "tests", "{0AB3BF05-4346-4AA6-1389-037BE0695223}"
EndProject
Project("{FAE04EC0-301F-11D3-BF4B-00C04F79EFBC}") = "OrbitPass.Tests", "tests\OrbitPass.Tests\OrbitPass.Tests.csproj", "{1FA014E7-F350-4664-ACD2-543F8CBF59D2}"
EndProject
Global
	GlobalSection(SolutionConfigurationPlatforms) = preSolution
		Debug|Any CPU = Debug|Any CPU
		Debug|x64 = Debug|x64
		Debug|x86 = Debug|x86
		Release|Any CPU = Release|Any CPU
		Release|x64 = Release|x64
		Release|x86 = Release|x86
	EndGlobalSection
	GlobalSection(ProjectConfigurationPlatforms) = postSolution
		{BE4A8488-9CA2-47EB-B684-FD93DD3A1278}.Debug|Any CPU.ActiveCfg = Debug|Any CPU
		{BE4A8488-9CA2-47EB-B684-FD93DD3A1278}.Debug|Any CPU.Build.0 = Debug|Any CPU
		{BE4A8488-9CA2-47EB-B684-FD93DD3A1278}.Debug|x64.ActiveCfg = Debug|Any CPU
		{BE4A8488-9CA2-47EB-B684-FD93DD3A1278}.Debug|x64.Build.0 = Debug|Any CPU
		{BE4A8488-9CA2-47EB-B684-FD93DD3A1278}.Debug|x86.ActiveCfg = Debug|Any CPU
		{BE4A8488-9CA2-47EB-B684-FD93DD3A1278}.Debug|x86.Build.0 = Debug|Any CPU
		{BE4A8488-9CA2-47EB-B684-FD93DD3A1278}.Release|Any CPU.ActiveCfg = Release|Any CPU
		{BE4A8488-9CA2-47EB-B684-FD93DD3A1278}.Release|Any CPU.Build.0 = Release|Any CPU
		{BE4A8488-9CA2-47EB-B684-FD93DD3A1278}.Release|x64.ActiveCfg = Release|Any CPU
		{BE4A8488-9CA2-47EB-B684-FD93DD3A1278}.Release|x64.Build.0 = Release|Any CPU
		{BE4A8488-9CA2-47EB-B684-FD93DD3A1278}.Release|x86.ActiveCfg = Release|Any CPU
		{BE4A8488-9CA2-47EB-B684-FD93DD3A1278}.Release|x86.Build.0 = Release|Any CPU
		{DE34D200-689E-4237-8B74-694D8863E0A3}.Debug|Any CPU.ActiveCfg = Debug|Any CPU
		{DE34D200-689E-4237-8B74-694D8863E0A3}.Debug|Any CPU.Build.0 = Debug|Any CPU
		{DE34D200-689E-4237-8B74-694D8863E0A3}.Debug|x64.ActiveCfg = Debug|Any CPU
		{DE34D200-689E-4237-8B74-694D8863E0A3}.Debug|x64.Build.0 = Debug|Any CPU
		{DE34D200-689E-4237-8B74-694D8863E0A3}.Debug|x86.ActiveCfg = Debug|Any CPU
		{DE34D200-689E-4237-8B74-694D8863E0A3}.Debug|x86.Build.0 = Debug|Any CPU
		{DE34D200-689E-4237-8B74-694D8863E0A3}.Release|Any CPU.ActiveCfg = Release|Any CPU
		{DE34D200-689E-4237-8B74-694D8863E0A3}.Release|Any CPU.Build.0 = Release|Any CPU
		{DE34D200-689E-4237-8B74-694D8863E0A3}.Release|x64.ActiveCfg = Release|Any CPU
		{DE34D200-689E-4237-8B74-694D8863E0A3}.Release|x64.Build.0 = Release|Any CPU
		{DE34D200-689E-4237-8B74-694D8863E0A3}.Release|x86.ActiveCfg = Release|Any CPU
		{DE34D200-689E-4237-8B74-694D8863E0A3}.Release|x86.Build.0 = Release|Any CPU
		{DBD6D977-4AA5-43D3-855E-8D088878E639}.Debug|Any CPU.ActiveCfg = Debug|Any CPU
		{DBD6D977-4AA5-43D3-855E-8D088878E639}.Debug|Any CPU.Build.0 = Debug|Any CPU
		{DBD6D977-4AA5-43D3-855E-8D088878E639}.Debug|x64.ActiveCfg = Debug|Any CPU
		{DBD6D977-4AA5-43D3-855E-8D088878E639}.Debug|x64.Build.0 = Debug|Any CPU
		{DBD6D977-4AA5-43D3-855E-8D088878E639}.Debug|x86.ActiveCfg = Debug|Any CPU
		{DBD6D977-4AA5-43D3-855E-8D088878E639}.Debug|x86.Build.0 = Debug|Any CPU
		{DBD6D977-4AA5-43D3-855E-8D088878E639}.Release|Any CPU.ActiveCfg = Release|Any CPU
		{DBD6D977-4AA5-43D3-855E-8D088878E639}.Release|Any CPU.Build.0 = Release|Any CPU
		{DBD6D977-4AA5-43D3-855E-8D088878E639}.Release|x64.ActiveCfg = Release|Any CPU
		{DBD6D977-4AA5-43D3-855E-8D088878E639}.Release|x64.Build.0 = Release|Any CPU
		{DBD6D977-4AA5-43D3-855E-8D088878E639}.Release|x86.ActiveCfg = Release|Any CPU
		{DBD6D977-4AA5-43D3-855E-8D088878E639}.Release|x86.Build.0 = Release|Any CPU
		{7C2F53EF-0C05-47ED-9393-0F79232480B8}.Debug|Any CPU.ActiveCfg = Debug|Any CPU
		{7C2F53EF-0C05-47ED-9393-0F79232480B8}.Debug|Any CPU.Build.0 = Debug|Any CPU
		{7C2F53EF-0C05-47ED-9393-0F79232480B8}.Debug|x64.ActiveCfg = Debug|Any CPU
		{7C2F53EF-0C05-47ED-9393-0F79232480B8}.Debug|x64.Build.0 = Debug|Any CPU
		{7C2F53EF-0C05-47ED-9393-0F79232480B8}.Debug|x86.ActiveCfg = Debug|Any CPU
		{7C2F53EF-0C05-47ED-9393-0F79232480B8}.Debug|x86.Build.0 = Debug|Any CPU
		{7C2F53EF-0C05-47ED-9393-0F79232480B8}.Release|Any CPU.ActiveCfg = Release|Any CPU
		{7C2F53EF-0C05-47ED-9393-0F79232480B8}.Release|Any CPU.Build.0 = Release|Any CPU
		{7C2F53EF-0C05-47ED-9393-0F79232480B8}.Release|x64.ActiveCfg = Release|Any CPU
		{7C2F53EF-0C05-47ED-9393-0F79232480B8}.Release|x64.Build.0 = Release|Any CPU
		{7C2F53EF-0C05-47ED-9393-0F79232480B8}.Release|x86.ActiveCfg = Release|Any CPU
		{7C2F53EF-0C05-47ED-9393-0F79232480B8}.Release|x86.Build.0 = Release|Any CPU
		{1FA014E7-F350-4664-ACD2-543F8CBF59D2}.Debug|Any CPU.ActiveCfg = Debug|Any CPU
		{1FA014E7-F350-4664-ACD2-543F8CBF59D2}.Debug|Any CPU.Build.0 = Debug|Any CPU
		{1FA014E7-F350-4664-ACD2-543F8CBF59D2}.Debug|x64.ActiveCfg = Debug|Any CPU
		{1FA014E7-F350-4664-ACD2-543F8CBF59D2}.Debug|x64.Build.0 = Debug|Any CPU
		{1FA014E7-F350-4664-ACD2-543F8CBF59D2}.Debug|x86.ActiveCfg = Debug|Any CPU
		{1FA014E7-F350-4664-ACD2-543F8CBF59D2}.Debug|x86.Build.0 = Debug|Any CPU
		{1FA014E7-F350-4664-ACD2-543F8CBF59D2}.Release|Any CPU.ActiveCfg = Release|Any CPU
		{1FA014E7-F350-4664-ACD2-543F8CBF59D2}.Release|Any CPU.Build.0 = Release|Any CPU
		{1FA014E7-F350-4664-ACD2-543F8CBF59D2}.Release|x64.ActiveCfg = Release|Any CPU
		{1FA014E7-F350-4664-ACD2-543F8CBF59D2}.Release|x64.Build.0 = Release|Any CPU
		{1FA014E7-F350-4664-ACD2-543F8CBF59D2}.Release|x86.ActiveCfg = Release|Any CPU
		{1FA014E7-F350-4664-ACD2-543F8CBF59D2}.Release|x86.Build.0 = Release|Any CPU
	EndGlobalSection
	GlobalSection(SolutionProperties) = preSolution
		HideSolutionNode = FALSE
	EndGlobalSection
	GlobalSection(NestedProjects) = preSolution
		{BE4A8488-9CA2-47EB-B684-FD93DD3A1278} = {827E0CD3-B72D-47B6-A68D-7590B98EB39B}
		{DE34D200-689E-4237-8B74-694D8863E0A3} = {827E0CD3-B72D-47B6-A68D-7590B98EB39B}
		{DBD6D977-4AA5-43D3-855E-8D088878E639} = {827E0CD3-B72D-47B6-A68D-7590B98EB39B}
		{7C2F53EF-0C05-47ED-9393-0F79232480B8} = {827E0CD3-B72D-47B6-A68D-7590B98EB39B}
		{1FA014E7-F350-4664-ACD2-543F8CBF59D2} = {0AB3BF05-4346-4AA6-1389-037BE0695223}
	EndGlobalSection
EndGlobal
